{
  "name": "opencode-ruby-upgrader",
  "version": "0.1.1",
  "lockfileVersion": 3,
  "requires": true,
  "packages": {
    "": {
      "name": "opencode-ruby-upgrader",
      "version": "0.1.1",
      "license": "MIT",
      "bin": {
        "opencode-ruby-upgrader": "bin/opencode-ruby-upgrader.mjs"
      },
      "engines": {
        "node": ">=22.5.0"
      }
    }
  }
}
